// !$*UTF8*$!
{
	archiveVersion = 1;
	classes = {
	};
	objectVersion = 56;
	objects = {

/* Begin PBXBuildFile section */
		220A95382A73238C00B5A37A /* Alamofire in Frameworks */ = {isa = PBXBuildFile; productRef = 220A95372A73238C00B5A37A /* Alamofire */; };
		220A953B2A7323BE00B5A37A /* Moya in Frameworks */ = {isa = PBXBuildFile; productRef = 220A953A2A7323BE00B5A37A /* Moya */; };
		223EF08B2A73243B00727126 /* Preview Assets.xcassets in Resources */ = {isa = PBXBuildFile; fileRef = 223EF08A2A73243B00727126 /* Preview Assets.xcassets */; };
		223EF0902A73250600727126 /* Localizable.strings in Resources */ = {isa = PBXBuildFile; fileRef = 223EF0922A73250600727126 /* Localizable.strings */; };
		223EF0982A73268B00727126 /* APIHost.swift in Sources */ = {isa = PBXBuildFile; fileRef = 223EF0972A73268B00727126 /* APIHost.swift */; };
		223EF09A2A7327B400727126 /* APIProvider.swift in Sources */ = {isa = PBXBuildFile; fileRef = 223EF0992A7327B400727126 /* APIProvider.swift */; };
		223EF09C2A7327D400727126 /* APITarget.swift in Sources */ = {isa = PBXBuildFile; fileRef = 223EF09B2A7327D400727126 /* APITarget.swift */; };
		223EF0A12A732D6400727126 /* LaunchScreen.storyboard in Resources */ = {isa = PBXBuildFile; fileRef = 223EF0A02A732D6400727126 /* LaunchScreen.storyboard */; };
		223EF0A42A732F9D00727126 /* SplashScreenView.swift in Sources */ = {isa = PBXBuildFile; fileRef = 223EF0A32A732F9D00727126 /* SplashScreenView.swift */; };
		223EF0A72A732FFE00727126 /* ColorType.swift in Sources */ = {isa = PBXBuildFile; fileRef = 223EF0A62A732FFE00727126 /* ColorType.swift */; };
		223EF0AA2A73308100727126 /* ExtensionColor.swift in Sources */ = {isa = PBXBuildFile; fileRef = 223EF0A92A73308100727126 /* ExtensionColor.swift */; };
		223EF0AC2A7330D000727126 /* AssetType.swift in Sources */ = {isa = PBXBuildFile; fileRef = 223EF0AB2A7330D000727126 /* AssetType.swift */; };
		223EF0AE2A73311100727126 /* ExtensionImage.swift in Sources */ = {isa = PBXBuildFile; fileRef = 223EF0AD2A73311100727126 /* ExtensionImage.swift */; };
		223EF0B22A7337EF00727126 /* MatchListView.swift in Sources */ = {isa = PBXBuildFile; fileRef = 223EF0B12A7337EF00727126 /* MatchListView.swift */; };
		223EF0B42A7337FA00727126 /* MatchListViewModel.swift in Sources */ = {isa = PBXBuildFile; fileRef = 223EF0B32A7337FA00727126 /* MatchListViewModel.swift */; };
		223EF0BC2A733B2D00727126 /* Roboto-Medium.ttf in Resources */ = {isa = PBXBuildFile; fileRef = 223EF0B62A733B2D00727126 /* Roboto-Medium.ttf */; };
		223EF0BD2A733B2D00727126 /* Roboto-Light.ttf in Resources */ = {isa = PBXBuildFile; fileRef = 223EF0B72A733B2D00727126 /* Roboto-Light.ttf */; };
		223EF0BE2A733B2D00727126 /* Roboto-Regular.ttf in Resources */ = {isa = PBXBuildFile; fileRef = 223EF0B82A733B2D00727126 /* Roboto-Regular.ttf */; };
		223EF0BF2A733B2D00727126 /* Roboto-Bold.ttf in Resources */ = {isa = PBXBuildFile; fileRef = 223EF0B92A733B2D00727126 /* Roboto-Bold.ttf */; };
		223EF0C02A733B2D00727126 /* Roboto-Thin.ttf in Resources */ = {isa = PBXBuildFile; fileRef = 223EF0BA2A733B2D00727126 /* Roboto-Thin.ttf */; };
		223EF0C12A733B2D00727126 /* Roboto-Black.ttf in Resources */ = {isa = PBXBuildFile; fileRef = 223EF0BB2A733B2D00727126 /* Roboto-Black.ttf */; };
		223EF0C42A733B6300727126 /* TextModifier.swift in Sources */ = {isa = PBXBuildFile; fileRef = 223EF0C32A733B6300727126 /* TextModifier.swift */; };
		223EF0C62A733BDD00727126 /* TextType.swift in Sources */ = {isa = PBXBuildFile; fileRef = 223EF0C52A733BDD00727126 /* TextType.swift */; };
		223EF0C82A733DFD00727126 /* ExtensionFont.swift in Sources */ = {isa = PBXBuildFile; fileRef = 223EF0C72A733DFD00727126 /* ExtensionFont.swift */; };
		223EF0CA2A733F6600727126 /* SpaceType.swift in Sources */ = {isa = PBXBuildFile; fileRef = 223EF0C92A733F6600727126 /* SpaceType.swift */; };
		223EF0CD2A73567800727126 /* ExtensionView.swift in Sources */ = {isa = PBXBuildFile; fileRef = 223EF0CC2A73567800727126 /* ExtensionView.swift */; };
		223EF0D02A735C5C00727126 /* MatchModel.swift in Sources */ = {isa = PBXBuildFile; fileRef = 223EF0CF2A735C5C00727126 /* MatchModel.swift */; };
		223EF0D22A735F0800727126 /* MatchWorker.swift in Sources */ = {isa = PBXBuildFile; fileRef = 223EF0D12A735F0800727126 /* MatchWorker.swift */; };
		223EF0D42A735F1500727126 /* MatchRepository.swift in Sources */ = {isa = PBXBuildFile; fileRef = 223EF0D32A735F1500727126 /* MatchRepository.swift */; };
		223EF0D62A7360C400727126 /* ExtensionMoyaResponse.swift in Sources */ = {isa = PBXBuildFile; fileRef = 223EF0D52A7360C400727126 /* ExtensionMoyaResponse.swift */; };
		223EF0DA2A73799800727126 /* ExtensionDate.swift in Sources */ = {isa = PBXBuildFile; fileRef = 223EF0D92A73799800727126 /* ExtensionDate.swift */; };
		223EF0DC2A7379C300727126 /* ExtensionString.swift in Sources */ = {isa = PBXBuildFile; fileRef = 223EF0DB2A7379C300727126 /* ExtensionString.swift */; };
		223EF0DF2A73938000727126 /* MatchDetailsView.swift in Sources */ = {isa = PBXBuildFile; fileRef = 223EF0DE2A73938000727126 /* MatchDetailsView.swift */; };
		223EF0E12A7393C000727126 /* MatchDetailsViewModel.swift in Sources */ = {isa = PBXBuildFile; fileRef = 223EF0E02A7393C000727126 /* MatchDetailsViewModel.swift */; };
		223EF0E32A73A7E900727126 /* PlayerModel.swift in Sources */ = {isa = PBXBuildFile; fileRef = 223EF0E22A73A7E900727126 /* PlayerModel.swift */; };
		223EF0E52A73A80400727126 /* LeagueModel.swift in Sources */ = {isa = PBXBuildFile; fileRef = 223EF0E42A73A80400727126 /* LeagueModel.swift */; };
		223EF0E72A73A81100727126 /* SerieModel.swift in Sources */ = {isa = PBXBuildFile; fileRef = 223EF0E62A73A81100727126 /* SerieModel.swift */; };
		223EF0E92A73A81A00727126 /* TeamModel.swift in Sources */ = {isa = PBXBuildFile; fileRef = 223EF0E82A73A81A00727126 /* TeamModel.swift */; };
		223EF0ED2A73A83A00727126 /* MatchStatus.swift in Sources */ = {isa = PBXBuildFile; fileRef = 223EF0EC2A73A83A00727126 /* MatchStatus.swift */; };
		223EF0EF2A73A92900727126 /* PlayerRepository.swift in Sources */ = {isa = PBXBuildFile; fileRef = 223EF0EE2A73A92900727126 /* PlayerRepository.swift */; };
		22B165B12A7322AB001925E3 /* WellCSTVApp.swift in Sources */ = {isa = PBXBuildFile; fileRef = 22B165B02A7322AB001925E3 /* WellCSTVApp.swift */; };
		22B165B52A7322AC001925E3 /* Assets.xcassets in Resources */ = {isa = PBXBuildFile; fileRef = 22B165B42A7322AC001925E3 /* Assets.xcassets */; };
		22D999D62A741686003670A1 /* MatchMockWorker.swift in Sources */ = {isa = PBXBuildFile; fileRef = 22D999D52A741686003670A1 /* MatchMockWorker.swift */; };
		22D999D82A7416B6003670A1 /* MatchListTest.swift in Sources */ = {isa = PBXBuildFile; fileRef = 22D999D72A7416B6003670A1 /* MatchListTest.swift */; };
		22D999DA2A7416C1003670A1 /* MatchDetailsTest.swift in Sources */ = {isa = PBXBuildFile; fileRef = 22D999D92A7416C1003670A1 /* MatchDetailsTest.swift */; };
/* End PBXBuildFile section */

/* Begin PBXContainerItemProxy section */
		22B165BE2A7322AC001925E3 /* PBXContainerItemProxy */ = {
			isa = PBXContainerItemProxy;
			containerPortal = 22B165A52A7322AB001925E3 /* Project object */;
			proxyType = 1;
			remoteGlobalIDString = 22B165AC2A7322AB001925E3;
			remoteInfo = WellCSTV;
		};
/* End PBXContainerItemProxy section */

/* Begin PBXFileReference section */
		223EF08A2A73243B00727126 /* Preview Assets.xcassets */ = {isa = PBXFileReference; lastKnownFileType = folder.assetcatalog; path = "Preview Assets.xcassets"; sourceTree = "<group>"; };
		223EF0912A73250600727126 /* en */ = {isa = PBXFileReference; lastKnownFileType = text.plist.strings; name = en; path = en.lproj/Localizable.strings; sourceTree = "<group>"; };
		223EF0932A73250800727126 /* pt-BR */ = {isa = PBXFileReference; lastKnownFileType = text.plist.strings; name = "pt-BR"; path = "pt-BR.lproj/Localizable.strings"; sourceTree = "<group>"; };
		223EF0972A73268B00727126 /* APIHost.swift */ = {isa = PBXFileReference; lastKnownFileType = sourcecode.swift; path = APIHost.swift; sourceTree = "<group>"; };
		223EF0992A7327B400727126 /* APIProvider.swift */ = {isa = PBXFileReference; lastKnownFileType = sourcecode.swift; path = APIProvider.swift; sourceTree = "<group>"; };
		223EF09B2A7327D400727126 /* APITarget.swift */ = {isa = PBXFileReference; lastKnownFileType = sourcecode.swift; path = APITarget.swift; sourceTree = "<group>"; };
		223EF0A02A732D6400727126 /* LaunchScreen.storyboard */ = {isa = PBXFileReference; lastKnownFileType = file.storyboard; path = LaunchScreen.storyboard; sourceTree = "<group>"; };
		223EF0A32A732F9D00727126 /* SplashScreenView.swift */ = {isa = PBXFileReference; lastKnownFileType = sourcecode.swift; path = SplashScreenView.swift; sourceTree = "<group>"; };
		223EF0A62A732FFE00727126 /* ColorType.swift */ = {isa = PBXFileReference; lastKnownFileType = sourcecode.swift; path = ColorType.swift; sourceTree = "<group>"; };
		223EF0A92A73308100727126 /* ExtensionColor.swift */ = {isa = PBXFileReference; lastKnownFileType = sourcecode.swift; path = ExtensionColor.swift; sourceTree = "<group>"; };
		223EF0AB2A7330D000727126 /* AssetType.swift */ = {isa = PBXFileReference; lastKnownFileType = sourcecode.swift; path = AssetType.swift; sourceTree = "<group>"; };
		223EF0AD2A73311100727126 /* ExtensionImage.swift */ = {isa = PBXFileReference; lastKnownFileType = sourcecode.swift; path = ExtensionImage.swift; sourceTree = "<group>"; };
		223EF0B12A7337EF00727126 /* MatchListView.swift */ = {isa = PBXFileReference; lastKnownFileType = sourcecode.swift; path = MatchListView.swift; sourceTree = "<group>"; };
		223EF0B32A7337FA00727126 /* MatchListViewModel.swift */ = {isa = PBXFileReference; lastKnownFileType = sourcecode.swift; path = MatchListViewModel.swift; sourceTree = "<group>"; };
		223EF0B62A733B2D00727126 /* Roboto-Medium.ttf */ = {isa = PBXFileReference; lastKnownFileType = file; path = "Roboto-Medium.ttf"; sourceTree = "<group>"; };
		223EF0B72A733B2D00727126 /* Roboto-Light.ttf */ = {isa = PBXFileReference; lastKnownFileType = file; path = "Roboto-Light.ttf"; sourceTree = "<group>"; };
		223EF0B82A733B2D00727126 /* Roboto-Regular.ttf */ = {isa = PBXFileReference; lastKnownFileType = file; path = "Roboto-Regular.ttf"; sourceTree = "<group>"; };
		223EF0B92A733B2D00727126 /* Roboto-Bold.ttf */ = {isa = PBXFileReference; lastKnownFileType = file; path = "Roboto-Bold.ttf"; sourceTree = "<group>"; };
		223EF0BA2A733B2D00727126 /* Roboto-Thin.ttf */ = {isa = PBXFileReference; lastKnownFileType = file; path = "Roboto-Thin.ttf"; sourceTree = "<group>"; };
		223EF0BB2A733B2D00727126 /* Roboto-Black.ttf */ = {isa = PBXFileReference; lastKnownFileType = file; path = "Roboto-Black.ttf"; sourceTree = "<group>"; };
		223EF0C32A733B6300727126 /* TextModifier.swift */ = {isa = PBXFileReference; lastKnownFileType = sourcecode.swift; path = TextModifier.swift; sourceTree = "<group>"; };
		223EF0C52A733BDD00727126 /* TextType.swift */ = {isa = PBXFileReference; lastKnownFileType = sourcecode.swift; path = TextType.swift; sourceTree = "<group>"; };
		223EF0C72A733DFD00727126 /* ExtensionFont.swift */ = {isa = PBXFileReference; lastKnownFileType = sourcecode.swift; path = ExtensionFont.swift; sourceTree = "<group>"; };
		223EF0C92A733F6600727126 /* SpaceType.swift */ = {isa = PBXFileReference; lastKnownFileType = sourcecode.swift; path = SpaceType.swift; sourceTree = "<group>"; };
		223EF0CC2A73567800727126 /* ExtensionView.swift */ = {isa = PBXFileReference; lastKnownFileType = sourcecode.swift; path = ExtensionView.swift; sourceTree = "<group>"; };
		223EF0CF2A735C5C00727126 /* MatchModel.swift */ = {isa = PBXFileReference; lastKnownFileType = sourcecode.swift; path = MatchModel.swift; sourceTree = "<group>"; };
		223EF0D12A735F0800727126 /* MatchWorker.swift */ = {isa = PBXFileReference; lastKnownFileType = sourcecode.swift; path = MatchWorker.swift; sourceTree = "<group>"; };
		223EF0D32A735F1500727126 /* MatchRepository.swift */ = {isa = PBXFileReference; lastKnownFileType = sourcecode.swift; path = MatchRepository.swift; sourceTree = "<group>"; };
		223EF0D52A7360C400727126 /* ExtensionMoyaResponse.swift */ = {isa = PBXFileReference; lastKnownFileType = sourcecode.swift; path = ExtensionMoyaResponse.swift; sourceTree = "<group>"; };
		223EF0D92A73799800727126 /* ExtensionDate.swift */ = {isa = PBXFileReference; lastKnownFileType = sourcecode.swift; path = ExtensionDate.swift; sourceTree = "<group>"; };
		223EF0DB2A7379C300727126 /* ExtensionString.swift */ = {isa = PBXFileReference; lastKnownFileType = sourcecode.swift; path = ExtensionString.swift; sourceTree = "<group>"; };
		223EF0DE2A73938000727126 /* MatchDetailsView.swift */ = {isa = PBXFileReference; lastKnownFileType = sourcecode.swift; path = MatchDetailsView.swift; sourceTree = "<group>"; };
		223EF0E02A7393C000727126 /* MatchDetailsViewModel.swift */ = {isa = PBXFileReference; lastKnownFileType = sourcecode.swift; path = MatchDetailsViewModel.swift; sourceTree = "<group>"; };
		223EF0E22A73A7E900727126 /* PlayerModel.swift */ = {isa = PBXFileReference; lastKnownFileType = sourcecode.swift; path = PlayerModel.swift; sourceTree = "<group>"; };
		223EF0E42A73A80400727126 /* LeagueModel.swift */ = {isa = PBXFileReference; lastKnownFileType = sourcecode.swift; path = LeagueModel.swift; sourceTree = "<group>"; };
		223EF0E62A73A81100727126 /* SerieModel.swift */ = {isa = PBXFileReference; lastKnownFileType = sourcecode.swift; path = SerieModel.swift; sourceTree = "<group>"; };
		223EF0E82A73A81A00727126 /* TeamModel.swift */ = {isa = PBXFileReference; lastKnownFileType = sourcecode.swift; path = TeamModel.swift; sourceTree = "<group>"; };
		223EF0EC2A73A83A00727126 /* MatchStatus.swift */ = {isa = PBXFileReference; lastKnownFileType = sourcecode.swift; path = MatchStatus.swift; sourceTree = "<group>"; };
		223EF0EE2A73A92900727126 /* PlayerRepository.swift */ = {isa = PBXFileReference; lastKnownFileType = sourcecode.swift; path = PlayerRepository.swift; sourceTree = "<group>"; };
		22B165AD2A7322AB001925E3 /* WellCSTV.app */ = {isa = PBXFileReference; explicitFileType = wrapper.application; includeInIndex = 0; path = WellCSTV.app; sourceTree = BUILT_PRODUCTS_DIR; };
		22B165B02A7322AB001925E3 /* WellCSTVApp.swift */ = {isa = PBXFileReference; lastKnownFileType = sourcecode.swift; path = WellCSTVApp.swift; sourceTree = "<group>"; };
		22B165B42A7322AC001925E3 /* Assets.xcassets */ = {isa = PBXFileReference; lastKnownFileType = folder.assetcatalog; path = Assets.xcassets; sourceTree = "<group>"; };
		22B165BD2A7322AC001925E3 /* WellCSTVTests.xctest */ = {isa = PBXFileReference; explicitFileType = wrapper.cfbundle; includeInIndex = 0; path = WellCSTVTests.xctest; sourceTree = BUILT_PRODUCTS_DIR; };
		22D999D52A741686003670A1 /* MatchMockWorker.swift */ = {isa = PBXFileReference; lastKnownFileType = sourcecode.swift; path = MatchMockWorker.swift; sourceTree = "<group>"; };
		22D999D72A7416B6003670A1 /* MatchListTest.swift */ = {isa = PBXFileReference; lastKnownFileType = sourcecode.swift; path = MatchListTest.swift; sourceTree = "<group>"; };
		22D999D92A7416C1003670A1 /* MatchDetailsTest.swift */ = {isa = PBXFileReference; lastKnownFileType = sourcecode.swift; path = MatchDetailsTest.swift; sourceTree = "<group>"; };
/* End PBXFileReference section */

/* Begin PBXFrameworksBuildPhase section */
		22B165AA2A7322AB001925E3 /* Frameworks */ = {
			isa = PBXFrameworksBuildPhase;
			buildActionMask = 2147483647;
			files = (
				220A953B2A7323BE00B5A37A /* Moya in Frameworks */,
				220A95382A73238C00B5A37A /* Alamofire in Frameworks */,
			);
			runOnlyForDeploymentPostprocessing = 0;
		};
		22B165BA2A7322AC001925E3 /* Frameworks */ = {
			isa = PBXFrameworksBuildPhase;
			buildActionMask = 2147483647;
			files = (
			);
			runOnlyForDeploymentPostprocessing = 0;
		};
/* End PBXFrameworksBuildPhase section */

/* Begin PBXGroup section */
		220A953C2A7323DC00B5A37A /* Resources */ = {
			isa = PBXGroup;
			children = (
				223EF0B52A733B2D00727126 /* Fonts */,
				223EF08D2A73248800727126 /* Icons */,
				223EF08C2A73247000727126 /* Strings */,
			);
			path = Resources;
			sourceTree = "<group>";
		};
		220A953D2A7323E200B5A37A /* Utilities */ = {
			isa = PBXGroup;
			children = (
				223EF0C22A733B5000727126 /* Modifiers */,
				223EF0A82A73306D00727126 /* Extensions */,
				223EF0A52A732FF500727126 /* Type */,
			);
			path = Utilities;
			sourceTree = "<group>";
		};
		220A953E2A7323E800B5A37A /* Features */ = {
			isa = PBXGroup;
			children = (
				223EF0AF2A7337DB00727126 /* Match */,
				223EF0A22A732F8600727126 /* SplashScreen */,
			);
			path = Features;
			sourceTree = "<group>";
		};
		220A953F2A7323F200B5A37A /* Application */ = {
			isa = PBXGroup;
			children = (
				22B165B02A7322AB001925E3 /* WellCSTVApp.swift */,
				223EF0A02A732D6400727126 /* LaunchScreen.storyboard */,
			);
			path = Application;
			sourceTree = "<group>";
		};
		220A95402A73240F00B5A37A /* API */ = {
			isa = PBXGroup;
			children = (
				223EF0962A73267300727126 /* Repositories */,
				223EF0952A73266B00727126 /* Setup */,
			);
			path = API;
			sourceTree = "<group>";
		};
		223EF0892A73243B00727126 /* Preview Content */ = {
			isa = PBXGroup;
			children = (
				223EF08A2A73243B00727126 /* Preview Assets.xcassets */,
			);
			path = "Preview Content";
			sourceTree = "<group>";
		};
		223EF08C2A73247000727126 /* Strings */ = {
			isa = PBXGroup;
			children = (
				223EF0922A73250600727126 /* Localizable.strings */,
			);
			path = Strings;
			sourceTree = "<group>";
		};
		223EF08D2A73248800727126 /* Icons */ = {
			isa = PBXGroup;
			children = (
				22B165B42A7322AC001925E3 /* Assets.xcassets */,
			);
			path = Icons;
			sourceTree = "<group>";
		};
		223EF0952A73266B00727126 /* Setup */ = {
			isa = PBXGroup;
			children = (
				223EF0972A73268B00727126 /* APIHost.swift */,
				223EF0992A7327B400727126 /* APIProvider.swift */,
				223EF09B2A7327D400727126 /* APITarget.swift */,
			);
			path = Setup;
			sourceTree = "<group>";
		};
		223EF0962A73267300727126 /* Repositories */ = {
			isa = PBXGroup;
			children = (
				223EF0D32A735F1500727126 /* MatchRepository.swift */,
				223EF0EE2A73A92900727126 /* PlayerRepository.swift */,
			);
			path = Repositories;
			sourceTree = "<group>";
		};
		223EF0A22A732F8600727126 /* SplashScreen */ = {
			isa = PBXGroup;
			children = (
				223EF0A32A732F9D00727126 /* SplashScreenView.swift */,
			);
			path = SplashScreen;
			sourceTree = "<group>";
		};
		223EF0A52A732FF500727126 /* Type */ = {
			isa = PBXGroup;
			children = (
				223EF0AB2A7330D000727126 /* AssetType.swift */,
				223EF0A62A732FFE00727126 /* ColorType.swift */,
				223EF0C52A733BDD00727126 /* TextType.swift */,
				223EF0C92A733F6600727126 /* SpaceType.swift */,
			);
			path = Type;
			sourceTree = "<group>";
		};
		223EF0A82A73306D00727126 /* Extensions */ = {
			isa = PBXGroup;
			children = (
				223EF0A92A73308100727126 /* ExtensionColor.swift */,
				223EF0D92A73799800727126 /* ExtensionDate.swift */,
				223EF0C72A733DFD00727126 /* ExtensionFont.swift */,
				223EF0AD2A73311100727126 /* ExtensionImage.swift */,
				223EF0D52A7360C400727126 /* ExtensionMoyaResponse.swift */,
				223EF0DB2A7379C300727126 /* ExtensionString.swift */,
				223EF0CC2A73567800727126 /* ExtensionView.swift */,
			);
			path = Extensions;
			sourceTree = "<group>";
		};
		223EF0AF2A7337DB00727126 /* Match */ = {
			isa = PBXGroup;
			children = (
				223EF0DD2A73936E00727126 /* Details */,
				223EF0CE2A735C4F00727126 /* Models */,
				223EF0B02A7337E300727126 /* List */,
				223EF0D12A735F0800727126 /* MatchWorker.swift */,
			);
			path = Match;
			sourceTree = "<group>";
		};
		223EF0B02A7337E300727126 /* List */ = {
			isa = PBXGroup;
			children = (
				223EF0B12A7337EF00727126 /* MatchListView.swift */,
				223EF0B32A7337FA00727126 /* MatchListViewModel.swift */,
			);
			path = List;
			sourceTree = "<group>";
		};
		223EF0B52A733B2D00727126 /* Fonts */ = {
			isa = PBXGroup;
			children = (
				223EF0BB2A733B2D00727126 /* Roboto-Black.ttf */,
				223EF0B92A733B2D00727126 /* Roboto-Bold.ttf */,
				223EF0B62A733B2D00727126 /* Roboto-Medium.ttf */,
				223EF0B72A733B2D00727126 /* Roboto-Light.ttf */,
				223EF0B82A733B2D00727126 /* Roboto-Regular.ttf */,
				223EF0BA2A733B2D00727126 /* Roboto-Thin.ttf */,
			);
			path = Fonts;
			sourceTree = "<group>";
		};
		223EF0C22A733B5000727126 /* Modifiers */ = {
			isa = PBXGroup;
			children = (
				223EF0C32A733B6300727126 /* TextModifier.swift */,
			);
			path = Modifiers;
			sourceTree = "<group>";
		};
		223EF0CE2A735C4F00727126 /* Models */ = {
			isa = PBXGroup;
			children = (
				223EF0CF2A735C5C00727126 /* MatchModel.swift */,
				223EF0E22A73A7E900727126 /* PlayerModel.swift */,
				223EF0E42A73A80400727126 /* LeagueModel.swift */,
				223EF0E62A73A81100727126 /* SerieModel.swift */,
				223EF0E82A73A81A00727126 /* TeamModel.swift */,
				223EF0EC2A73A83A00727126 /* MatchStatus.swift */,
			);
			path = Models;
			sourceTree = "<group>";
		};
		223EF0DD2A73936E00727126 /* Details */ = {
			isa = PBXGroup;
			children = (
				223EF0DE2A73938000727126 /* MatchDetailsView.swift */,
				223EF0E02A7393C000727126 /* MatchDetailsViewModel.swift */,
			);
			path = Details;
			sourceTree = "<group>";
		};
		22B165A42A7322AB001925E3 = {
			isa = PBXGroup;
			children = (
				22B165AF2A7322AB001925E3 /* WellCSTV */,
				22B165C02A7322AC001925E3 /* WellCSTVTests */,
				22B165AE2A7322AB001925E3 /* Products */,
			);
			sourceTree = "<group>";
		};
		22B165AE2A7322AB001925E3 /* Products */ = {
			isa = PBXGroup;
			children = (
				22B165AD2A7322AB001925E3 /* WellCSTV.app */,
				22B165BD2A7322AC001925E3 /* WellCSTVTests.xctest */,
			);
			name = Products;
			sourceTree = "<group>";
		};
		22B165AF2A7322AB001925E3 /* WellCSTV */ = {
			isa = PBXGroup;
			children = (
				220A95402A73240F00B5A37A /* API */,
				220A953F2A7323F200B5A37A /* Application */,
				220A953E2A7323E800B5A37A /* Features */,
				223EF0892A73243B00727126 /* Preview Content */,
				220A953C2A7323DC00B5A37A /* Resources */,
				220A953D2A7323E200B5A37A /* Utilities */,
			);
			path = WellCSTV;
			sourceTree = "<group>";
		};
		22B165C02A7322AC001925E3 /* WellCSTVTests */ = {
			isa = PBXGroup;
			children = (
				22D999D32A741660003670A1 /* Match */,
			);
			path = WellCSTVTests;
			sourceTree = "<group>";
		};
		22D999D32A741660003670A1 /* Match */ = {
			isa = PBXGroup;
			children = (
				22D999D42A741671003670A1 /* ViewModel */,
				22D999D52A741686003670A1 /* MatchMockWorker.swift */,
			);
			path = Match;
			sourceTree = "<group>";
		};
		22D999D42A741671003670A1 /* ViewModel */ = {
			isa = PBXGroup;
			children = (
				22D999D92A7416C1003670A1 /* MatchDetailsTest.swift */,
				22D999D72A7416B6003670A1 /* MatchListTest.swift */,
			);
			path = ViewModel;
			sourceTree = "<group>";
		};
/* End PBXGroup section */

/* Begin PBXNativeTarget section */
		22B165AC2A7322AB001925E3 /* WellCSTV */ = {
			isa = PBXNativeTarget;
			buildConfigurationList = 22B165D12A7322AC001925E3 /* Build configuration list for PBXNativeTarget "WellCSTV" */;
			buildPhases = (
				22B165A92A7322AB001925E3 /* Sources */,
				22B165AA2A7322AB001925E3 /* Frameworks */,
				22B165AB2A7322AB001925E3 /* Resources */,
			);
			buildRules = (
			);
			dependencies = (
			);
			name = WellCSTV;
			packageProductDependencies = (
				220A95372A73238C00B5A37A /* Alamofire */,
				220A953A2A7323BE00B5A37A /* Moya */,
			);
			productName = WellCSTV;
			productReference = 22B165AD2A7322AB001925E3 /* WellCSTV.app */;
			productType = "com.apple.product-type.application";
		};
		22B165BC2A7322AC001925E3 /* WellCSTVTests */ = {
			isa = PBXNativeTarget;
			buildConfigurationList = 22B165D42A7322AC001925E3 /* Build configuration list for PBXNativeTarget "WellCSTVTests" */;
			buildPhases = (
				22B165B92A7322AC001925E3 /* Sources */,
				22B165BA2A7322AC001925E3 /* Frameworks */,
				22B165BB2A7322AC001925E3 /* Resources */,
			);
			buildRules = (
			);
			dependencies = (
				22B165BF2A7322AC001925E3 /* PBXTargetDependency */,
			);
			name = WellCSTVTests;
			productName = WellCSTVTests;
			productReference = 22B165BD2A7322AC001925E3 /* WellCSTVTests.xctest */;
			productType = "com.apple.product-type.bundle.unit-test";
		};
/* End PBXNativeTarget section */

/* Begin PBXProject section */
		22B165A52A7322AB001925E3 /* Project object */ = {
			isa = PBXProject;
			attributes = {
				BuildIndependentTargetsInParallel = 1;
				LastSwiftUpdateCheck = 1430;
				LastUpgradeCheck = 1430;
				TargetAttributes = {
					22B165AC2A7322AB001925E3 = {
						CreatedOnToolsVersion = 14.3.1;
					};
					22B165BC2A7322AC001925E3 = {
						CreatedOnToolsVersion = 14.3.1;
						TestTargetID = 22B165AC2A7322AB001925E3;
					};
				};
			};
			buildConfigurationList = 22B165A82A7322AB001925E3 /* Build configuration list for PBXProject "WellCSTV" */;
			compatibilityVersion = "Xcode 14.0";
			developmentRegion = en;
			hasScannedForEncodings = 0;
			knownRegions = (
				en,
				Base,
				"pt-BR",
			);
			mainGroup = 22B165A42A7322AB001925E3;
			packageReferences = (
				220A95362A73238C00B5A37A /* XCRemoteSwiftPackageReference "Alamofire" */,
				220A95392A7323BE00B5A37A /* XCRemoteSwiftPackageReference "Moya" */,
			);
			productRefGroup = 22B165AE2A7322AB001925E3 /* Products */;
			projectDirPath = "";
			projectRoot = "";
			targets = (
				22B165AC2A7322AB001925E3 /* WellCSTV */,
				22B165BC2A7322AC001925E3 /* WellCSTVTests */,
			);
		};
/* End PBXProject section */

/* Begin PBXResourcesBuildPhase section */
		22B165AB2A7322AB001925E3 /* Resources */ = {
			isa = PBXResourcesBuildPhase;
			buildActionMask = 2147483647;
			files = (
				223EF0BC2A733B2D00727126 /* Roboto-Medium.ttf in Resources */,
				223EF0BE2A733B2D00727126 /* Roboto-Regular.ttf in Resources */,
				223EF08B2A73243B00727126 /* Preview Assets.xcassets in Resources */,
				223EF0BD2A733B2D00727126 /* Roboto-Light.ttf in Resources */,
				223EF0A12A732D6400727126 /* LaunchScreen.storyboard in Resources */,
				223EF0902A73250600727126 /* Localizable.strings in Resources */,
				223EF0BF2A733B2D00727126 /* Roboto-Bold.ttf in Resources */,
				223EF0C12A733B2D00727126 /* Roboto-Black.ttf in Resources */,
				22B165B52A7322AC001925E3 /* Assets.xcassets in Resources */,
				223EF0C02A733B2D00727126 /* Roboto-Thin.ttf in Resources */,
			);
			runOnlyForDeploymentPostprocessing = 0;
		};
		22B165BB2A7322AC001925E3 /* Resources */ = {
			isa = PBXResourcesBuildPhase;
			buildActionMask = 2147483647;
			files = (
			);
			runOnlyForDeploymentPostprocessing = 0;
		};
/* End PBXResourcesBuildPhase section */

/* Begin PBXSourcesBuildPhase section */
		22B165A92A7322AB001925E3 /* Sources */ = {
			isa = PBXSourcesBuildPhase;
			buildActionMask = 2147483647;
			files = (
				223EF0D62A7360C400727126 /* ExtensionMoyaResponse.swift in Sources */,
				223EF0982A73268B00727126 /* APIHost.swift in Sources */,
				223EF0A72A732FFE00727126 /* ColorType.swift in Sources */,
				223EF0AC2A7330D000727126 /* AssetType.swift in Sources */,
				223EF0EF2A73A92900727126 /* PlayerRepository.swift in Sources */,
				223EF0CA2A733F6600727126 /* SpaceType.swift in Sources */,
				223EF0E12A7393C000727126 /* MatchDetailsViewModel.swift in Sources */,
				223EF0AE2A73311100727126 /* ExtensionImage.swift in Sources */,
				223EF0DF2A73938000727126 /* MatchDetailsView.swift in Sources */,
				223EF0ED2A73A83A00727126 /* MatchStatus.swift in Sources */,
				223EF0C82A733DFD00727126 /* ExtensionFont.swift in Sources */,
				223EF0CD2A73567800727126 /* ExtensionView.swift in Sources */,
				223EF0E32A73A7E900727126 /* PlayerModel.swift in Sources */,
				223EF0B42A7337FA00727126 /* MatchListViewModel.swift in Sources */,
				223EF0E52A73A80400727126 /* LeagueModel.swift in Sources */,
				223EF0C42A733B6300727126 /* TextModifier.swift in Sources */,
				223EF0D22A735F0800727126 /* MatchWorker.swift in Sources */,
				223EF0B22A7337EF00727126 /* MatchListView.swift in Sources */,
				223EF09A2A7327B400727126 /* APIProvider.swift in Sources */,
				223EF0C62A733BDD00727126 /* TextType.swift in Sources */,
				223EF0E92A73A81A00727126 /* TeamModel.swift in Sources */,
				223EF0AA2A73308100727126 /* ExtensionColor.swift in Sources */,
				223EF09C2A7327D400727126 /* APITarget.swift in Sources */,
				223EF0DA2A73799800727126 /* ExtensionDate.swift in Sources */,
				22B165B12A7322AB001925E3 /* WellCSTVApp.swift in Sources */,
				223EF0E72A73A81100727126 /* SerieModel.swift in Sources */,
				223EF0DC2A7379C300727126 /* ExtensionString.swift in Sources */,
				223EF0D02A735C5C00727126 /* MatchModel.swift in Sources */,
				223EF0A42A732F9D00727126 /* SplashScreenView.swift in Sources */,
				223EF0D42A735F1500727126 /* MatchRepository.swift in Sources */,
			);
			runOnlyForDeploymentPostprocessing = 0;
		};
		22B165B92A7322AC001925E3 /* Sources */ = {
			isa = PBXSourcesBuildPhase;
			buildActionMask = 2147483647;
			files = (
				22D999DA2A7416C1003670A1 /* MatchDetailsTest.swift in Sources */,
				22D999D82A7416B6003670A1 /* MatchListTest.swift in Sources */,
				22D999D62A741686003670A1 /* MatchMockWorker.swift in Sources */,
			);
			runOnlyForDeploymentPostprocessing = 0;
		};
/* End PBXSourcesBuildPhase section */

/* Begin PBXTargetDependency section */
		22B165BF2A7322AC001925E3 /* PBXTargetDependency */ = {
			isa = PBXTargetDependency;
			target = 22B165AC2A7322AB001925E3 /* WellCSTV */;
			targetProxy = 22B165BE2A7322AC001925E3 /* PBXContainerItemProxy */;
		};
/* End PBXTargetDependency section */

/* Begin PBXVariantGroup section */
		223EF0922A73250600727126 /* Localizable.strings */ = {
			isa = PBXVariantGroup;
			children = (
				223EF0912A73250600727126 /* en */,
				223EF0932A73250800727126 /* pt-BR */,
			);
			name = Localizable.strings;
			sourceTree = "<group>";
		};
/* End PBXVariantGroup section */

/* Begin XCBuildConfiguration section */
		22B165CF2A7322AC001925E3 /* Debug */ = {
			isa = XCBuildConfiguration;
			buildSettings = {
				ALWAYS_SEARCH_USER_PATHS = NO;
				CLANG_ANALYZER_NONNULL = YES;
				CLANG_ANALYZER_NUMBER_OBJECT_CONVERSION = YES_AGGRESSIVE;
				CLANG_CXX_LANGUAGE_STANDARD = "gnu++20";
				CLANG_ENABLE_MODULES = YES;
				CLANG_ENABLE_OBJC_ARC = YES;
				CLANG_ENABLE_OBJC_WEAK = YES;
				CLANG_WARN_BLOCK_CAPTURE_AUTORELEASING = YES;
				CLANG_WARN_BOOL_CONVERSION = YES;
				CLANG_WARN_COMMA = YES;
				CLANG_WARN_CONSTANT_CONVERSION = YES;
				CLANG_WARN_DEPRECATED_OBJC_IMPLEMENTATIONS = YES;
				CLANG_WARN_DIRECT_OBJC_ISA_USAGE = YES_ERROR;
				CLANG_WARN_DOCUMENTATION_COMMENTS = YES;
				CLANG_WARN_EMPTY_BODY = YES;
				CLANG_WARN_ENUM_CONVERSION = YES;
				CLANG_WARN_INFINITE_RECURSION = YES;
				CLANG_WARN_INT_CONVERSION = YES;
				CLANG_WARN_NON_LITERAL_NULL_CONVERSION = YES;
				CLANG_WARN_OBJC_IMPLICIT_RETAIN_SELF = YES;
				CLANG_WARN_OBJC_LITERAL_CONVERSION = YES;
				CLANG_WARN_OBJC_ROOT_CLASS = YES_ERROR;
				CLANG_WARN_QUOTED_INCLUDE_IN_FRAMEWORK_HEADER = YES;
				CLANG_WARN_RANGE_LOOP_ANALYSIS = YES;
				CLANG_WARN_STRICT_PROTOTYPES = YES;
				CLANG_WARN_SUSPICIOUS_MOVE = YES;
				CLANG_WARN_UNGUARDED_AVAILABILITY = YES_AGGRESSIVE;
				CLANG_WARN_UNREACHABLE_CODE = YES;
				CLANG_WARN__DUPLICATE_METHOD_MATCH = YES;
				COPY_PHASE_STRIP = NO;
				DEBUG_INFORMATION_FORMAT = dwarf;
				ENABLE_STRICT_OBJC_MSGSEND = YES;
				ENABLE_TESTABILITY = YES;
				GCC_C_LANGUAGE_STANDARD = gnu11;
				GCC_DYNAMIC_NO_PIC = NO;
				GCC_NO_COMMON_BLOCKS = YES;
				GCC_OPTIMIZATION_LEVEL = 0;
				GCC_PREPROCESSOR_DEFINITIONS = (
					"DEBUG=1",
					"$(inherited)",
				);
				GCC_WARN_64_TO_32_BIT_CONVERSION = YES;
				GCC_WARN_ABOUT_RETURN_TYPE = YES_ERROR;
				GCC_WARN_UNDECLARED_SELECTOR = YES;
				GCC_WARN_UNINITIALIZED_AUTOS = YES_AGGRESSIVE;
				GCC_WARN_UNUSED_FUNCTION = YES;
				GCC_WARN_UNUSED_VARIABLE = YES;
				IPHONEOS_DEPLOYMENT_TARGET = 16.0;
				MTL_ENABLE_DEBUG_INFO = INCLUDE_SOURCE;
				MTL_FAST_MATH = YES;
				ONLY_ACTIVE_ARCH = YES;
				SDKROOT = iphoneos;
				SWIFT_ACTIVE_COMPILATION_CONDITIONS = DEBUG;
				SWIFT_OPTIMIZATION_LEVEL = "-Onone";
			};
			name = Debug;
		};
		22B165D02A7322AC001925E3 /* Release */ = {
			isa = XCBuildConfiguration;
			buildSettings = {
				ALWAYS_SEARCH_USER_PATHS = NO;
				CLANG_ANALYZER_NONNULL = YES;
				CLANG_ANALYZER_NUMBER_OBJECT_CONVERSION = YES_AGGRESSIVE;
				CLANG_CXX_LANGUAGE_STANDARD = "gnu++20";
				CLANG_ENABLE_MODULES = YES;
				CLANG_ENABLE_OBJC_ARC = YES;
				CLANG_ENABLE_OBJC_WEAK = YES;
				CLANG_WARN_BLOCK_CAPTURE_AUTORELEASING = YES;
				CLANG_WARN_BOOL_CONVERSION = YES;
				CLANG_WARN_COMMA = YES;
				CLANG_WARN_CONSTANT_CONVERSION = YES;
				CLANG_WARN_DEPRECATED_OBJC_IMPLEMENTATIONS = YES;
				CLANG_WARN_DIRECT_OBJC_ISA_USAGE = YES_ERROR;
				CLANG_WARN_DOCUMENTATION_COMMENTS = YES;
				CLANG_WARN_EMPTY_BODY = YES;
				CLANG_WARN_ENUM_CONVERSION = YES;
				CLANG_WARN_INFINITE_RECURSION = YES;
				CLANG_WARN_INT_CONVERSION = YES;
				CLANG_WARN_NON_LITERAL_NULL_CONVERSION = YES;
				CLANG_WARN_OBJC_IMPLICIT_RETAIN_SELF = YES;
				CLANG_WARN_OBJC_LITERAL_CONVERSION = YES;
				CLANG_WARN_OBJC_ROOT_CLASS = YES_ERROR;
				CLANG_WARN_QUOTED_INCLUDE_IN_FRAMEWORK_HEADER = YES;
				CLANG_WARN_RANGE_LOOP_ANALYSIS = YES;
				CLANG_WARN_STRICT_PROTOTYPES = YES;
				CLANG_WARN_SUSPICIOUS_MOVE = YES;
				CLANG_WARN_UNGUARDED_AVAILABILITY = YES_AGGRESSIVE;
				CLANG_WARN_UNREACHABLE_CODE = YES;
				CLANG_WARN__DUPLICATE_METHOD_MATCH = YES;
				COPY_PHASE_STRIP = NO;
				DEBUG_INFORMATION_FORMAT = "dwarf-with-dsym";
				ENABLE_NS_ASSERTIONS = NO;
				ENABLE_STRICT_OBJC_MSGSEND = YES;
				GCC_C_LANGUAGE_STANDARD = gnu11;
				GCC_NO_COMMON_BLOCKS = YES;
				GCC_WARN_64_TO_32_BIT_CONVERSION = YES;
				GCC_WARN_ABOUT_RETURN_TYPE = YES_ERROR;
				GCC_WARN_UNDECLARED_SELECTOR = YES;
				GCC_WARN_UNINITIALIZED_AUTOS = YES_AGGRESSIVE;
				GCC_WARN_UNUSED_FUNCTION = YES;
				GCC_WARN_UNUSED_VARIABLE = YES;
				IPHONEOS_DEPLOYMENT_TARGET = 16.0;
				MTL_ENABLE_DEBUG_INFO = NO;
				MTL_FAST_MATH = YES;
				SDKROOT = iphoneos;
				SWIFT_COMPILATION_MODE = wholemodule;
				SWIFT_OPTIMIZATION_LEVEL = "-O";
				VALIDATE_PRODUCT = YES;
			};
			name = Release;
		};
		22B165D22A7322AC001925E3 /* Debug */ = {
			isa = XCBuildConfiguration;
			buildSettings = {
				ASSETCATALOG_COMPILER_APPICON_NAME = AppIcon;
				ASSETCATALOG_COMPILER_GLOBAL_ACCENT_COLOR_NAME = AccentColor;
				CODE_SIGN_STYLE = Automatic;
				CURRENT_PROJECT_VERSION = 1;
				DEVELOPMENT_ASSET_PATHS = "\"WellCSTV/Preview Content\"";
				DEVELOPMENT_TEAM = 9BC293Z6NF;
				ENABLE_PREVIEWS = YES;
				GENERATE_INFOPLIST_FILE = YES;
				INFOPLIST_FILE = WellCSTV/Info.plist;
				INFOPLIST_KEY_LSApplicationCategoryType = "public.app-category.sports-games";
				INFOPLIST_KEY_UIApplicationSceneManifest_Generation = YES;
				INFOPLIST_KEY_UIApplicationSupportsIndirectInputEvents = YES;
				INFOPLIST_KEY_UILaunchScreen_Generation = YES;
				INFOPLIST_KEY_UILaunchStoryboardName = LaunchScreen.storyboard;
				INFOPLIST_KEY_UIStatusBarHidden = NO;
				INFOPLIST_KEY_UIStatusBarStyle = UIStatusBarStyleDarkContent;
				INFOPLIST_KEY_UISupportedInterfaceOrientations = UIInterfaceOrientationPortrait;
				IPHONEOS_DEPLOYMENT_TARGET = 16.0;
				LD_RUNPATH_SEARCH_PATHS = (
					"$(inherited)",
					"@executable_path/Frameworks",
				);
				MARKETING_VERSION = 1.0;
				PRODUCT_BUNDLE_IDENTIFIER = com.wnhirsch.WellCSTV;
				PRODUCT_NAME = "$(TARGET_NAME)";
				SUPPORTED_PLATFORMS = "iphoneos iphonesimulator";
				SUPPORTS_MACCATALYST = NO;
				SUPPORTS_MAC_DESIGNED_FOR_IPHONE_IPAD = NO;
				SWIFT_EMIT_LOC_STRINGS = YES;
				SWIFT_VERSION = 5.0;
				TARGETED_DEVICE_FAMILY = 1;
			};
			name = Debug;
		};
		22B165D32A7322AC001925E3 /* Release */ = {
			isa = XCBuildConfiguration;
			buildSettings = {
				ASSETCATALOG_COMPILER_APPICON_NAME = AppIcon;
				ASSETCATALOG_COMPILER_GLOBAL_ACCENT_COLOR_NAME = AccentColor;
				CODE_SIGN_STYLE = Automatic;
				CURRENT_PROJECT_VERSION = 1;
				DEVELOPMENT_ASSET_PATHS = "\"WellCSTV/Preview Content\"";
				DEVELOPMENT_TEAM = 9BC293Z6NF;
				ENABLE_PREVIEWS = YES;
				GENERATE_INFOPLIST_FILE = YES;
				INFOPLIST_FILE = WellCSTV/Info.plist;
				INFOPLIST_KEY_LSApplicationCategoryType = "public.app-category.sports-games";
				INFOPLIST_KEY_UIApplicationSceneManifest_Generation = YES;
				INFOPLIST_KEY_UIApplicationSupportsIndirectInputEvents = YES;
				INFOPLIST_KEY_UILaunchScreen_Generation = YES;
				INFOPLIST_KEY_UILaunchStoryboardName = LaunchScreen.storyboard;
				INFOPLIST_KEY_UIStatusBarHidden = NO;
				INFOPLIST_KEY_UIStatusBarStyle = UIStatusBarStyleDarkContent;
				INFOPLIST_KEY_UISupportedInterfaceOrientations = UIInterfaceOrientationPortrait;
				IPHONEOS_DEPLOYMENT_TARGET = 16.0;
				LD_RUNPATH_SEARCH_PATHS = (
					"$(inherited)",
					"@executable_path/Frameworks",
				);
				MARKETING_VERSION = 1.0;
				PRODUCT_BUNDLE_IDENTIFIER = com.wnhirsch.WellCSTV;
				PRODUCT_NAME = "$(TARGET_NAME)";
				SUPPORTED_PLATFORMS = "iphoneos iphonesimulator";
				SUPPORTS_MACCATALYST = NO;
				SUPPORTS_MAC_DESIGNED_FOR_IPHONE_IPAD = NO;
				SWIFT_EMIT_LOC_STRINGS = YES;
				SWIFT_VERSION = 5.0;
				TARGETED_DEVICE_FAMILY = 1;
			};
			name = Release;
		};
		22B165D52A7322AC001925E3 /* Debug */ = {
			isa = XCBuildConfiguration;
			buildSettings = {
				ALWAYS_EMBED_SWIFT_STANDARD_LIBRARIES = YES;
				BUNDLE_LOADER = "$(TEST_HOST)";
				CODE_SIGN_STYLE = Automatic;
				CURRENT_PROJECT_VERSION = 1;
				DEVELOPMENT_TEAM = 9BC293Z6NF;
				GENERATE_INFOPLIST_FILE = YES;
				IPHONEOS_DEPLOYMENT_TARGET = 16.0;
				MARKETING_VERSION = 1.0;
				PRODUCT_BUNDLE_IDENTIFIER = com.wnhirsch.WellCSTVTests;
				PRODUCT_NAME = "$(TARGET_NAME)";
				SUPPORTED_PLATFORMS = "iphoneos iphonesimulator";
				SUPPORTS_MACCATALYST = NO;
				SUPPORTS_MAC_DESIGNED_FOR_IPHONE_IPAD = NO;
				SWIFT_EMIT_LOC_STRINGS = NO;
				SWIFT_VERSION = 5.0;
				TARGETED_DEVICE_FAMILY = 1;
				TEST_HOST = "$(BUILT_PRODUCTS_DIR)/WellCSTV.app/$(BUNDLE_EXECUTABLE_FOLDER_PATH)/WellCSTV";
			};
			name = Debug;
		};
		22B165D62A7322AC001925E3 /* Release */ = {
			isa = XCBuildConfiguration;
			buildSettings = {
				ALWAYS_EMBED_SWIFT_STANDARD_LIBRARIES = YES;
				BUNDLE_LOADER = "$(TEST_HOST)";
				CODE_SIGN_STYLE = Automatic;
				CURRENT_PROJECT_VERSION = 1;
				DEVELOPMENT_TEAM = 9BC293Z6NF;
				GENERATE_INFOPLIST_FILE = YES;
				IPHONEOS_DEPLOYMENT_TARGET = 16.0;
				MARKETING_VERSION = 1.0;
				PRODUCT_BUNDLE_IDENTIFIER = com.wnhirsch.WellCSTVTests;
				PRODUCT_NAME = "$(TARGET_NAME)";
				SUPPORTED_PLATFORMS = "iphoneos iphonesimulator";
				SUPPORTS_MACCATALYST = NO;
				SUPPORTS_MAC_DESIGNED_FOR_IPHONE_IPAD = NO;
				SWIFT_EMIT_LOC_STRINGS = NO;
				SWIFT_VERSION = 5.0;
				TARGETED_DEVICE_FAMILY = 1;
				TEST_HOST = "$(BUILT_PRODUCTS_DIR)/WellCSTV.app/$(BUNDLE_EXECUTABLE_FOLDER_PATH)/WellCSTV";
			};
			name = Release;
		};
/* End XCBuildConfiguration section */

/* Begin XCConfigurationList section */
		22B165A82A7322AB001925E3 /* Build configuration list for PBXProject "WellCSTV" */ = {
			isa = XCConfigurationList;
			buildConfigurations = (
				22B165CF2A7322AC001925E3 /* Debug */,
				22B165D02A7322AC001925E3 /* Release */,
			);
			defaultConfigurationIsVisible = 0;
			defaultConfigurationName = Release;
		};
		22B165D12A7322AC001925E3 /* Build configuration list for PBXNativeTarget "WellCSTV" */ = {
			isa = XCConfigurationList;
			buildConfigurations = (
				22B165D22A7322AC001925E3 /* Debug */,
				22B165D32A7322AC001925E3 /* Release */,
			);
			defaultConfigurationIsVisible = 0;
			defaultConfigurationName = Release;
		};
		22B165D42A7322AC001925E3 /* Build configuration list for PBXNativeTarget "WellCSTVTests" */ = {
			isa = XCConfigurationList;
			buildConfigurations = (
				22B165D52A7322AC001925E3 /* Debug */,
				22B165D62A7322AC001925E3 /* Release */,
			);
			defaultConfigurationIsVisible = 0;
			defaultConfigurationName = Release;
		};
/* End XCConfigurationList section */

/* Begin XCRemoteSwiftPackageReference section */
		220A95362A73238C00B5A37A /* XCRemoteSwiftPackageReference "Alamofire" */ = {
			isa = XCRemoteSwiftPackageReference;
			repositoryURL = "https://github.com/Alamofire/Alamofire.git";
			requirement = {
				kind = upToNextMajorVersion;
				minimumVersion = 5.6.4;
			};
		};
		220A95392A7323BE00B5A37A /* XCRemoteSwiftPackageReference "Moya" */ = {
			isa = XCRemoteSwiftPackageReference;
			repositoryURL = "https://github.com/Moya/Moya.git";
			requirement = {
				kind = upToNextMajorVersion;
				minimumVersion = 15.0.0;
			};
		};
/* End XCRemoteSwiftPackageReference section */

/* Begin XCSwiftPackageProductDependency section */
		220A95372A73238C00B5A37A /* Alamofire */ = {
			isa = XCSwiftPackageProductDependency;
			package = 220A95362A73238C00B5A37A /* XCRemoteSwiftPackageReference "Alamofire" */;
			productName = Alamofire;
		};
		220A953A2A7323BE00B5A37A /* Moya */ = {
			isa = XCSwiftPackageProductDependency;
			package = 220A95392A7323BE00B5A37A /* XCRemoteSwiftPackageReference "Moya" */;
			productName = Moya;
		};
/* End XCSwiftPackageProductDependency section */
	};
	rootObject = 22B165A52A7322AB001925E3 /* Project object */;
}
